
Microsoft Visual Studio Solution File, Format Version 12.00
# Visual Studio Version 16
VisualStudioVersion = 16.0.29806.167
MinimumVisualStudioVersion = 10.0.40219.1
Project("{FAE04EC0-301F-11D3-BF4B-00C04F79EFBC}") = "ConsoleApp1", "ConsoleApp1.csproj", "{A18A4B19-60D6-4BDA-9DCD-C5C37E30A074}"
EndProject
Global
	GlobalSection(SolutionConfigurationPlatforms) = preSolution
		Debug|Any CPU = Debug|Any CPU
		Release|Any CPU = Release|Any CPU
	EndGlobalSection
	GlobalSection(ProjectConfigurationPlatforms) = postSolution
		{A18A4B19-60D6-4BDA-9DCD-C5C37E30A074}.Debug|Any CPU.ActiveCfg = Debug|Any CPU
		{A18A4B19-60D6-4BDA-9DCD-C5C37E30A074}.Debug|Any CPU.Build.0 = Debug|Any CPU
		{A18A4B19-60D6-4BDA-9DCD-C5C37E30A074}.Release|Any CPU.ActiveCfg = Release|Any CPU
		{A18A4B19-60D6-4BDA-9DCD-C5C37E30A074}.Release|Any CPU.Build.0 = Release|Any CPU
	EndGlobalSection
	GlobalSection(SolutionProperties) = preSolution
		HideSolutionNode = FALSE
	EndGlobalSection
	GlobalSection(ExtensibilityGlobals) = postSolution
		SolutionGuid = {08B85588-2FB8-4CF0-AF0D-10044402F353}
	EndGlobalSection
EndGlobal
